<?xml version="1.0" encoding="utf-8"?>
<Project ToolsVersion="4.0" xmlns="http://schemas.microsoft.com/developer/msbuild/2003">
  <ItemGroup>
    <Filter Include="Source Files">
      <UniqueIdentifier>{4FC737F1-C7A5-4376-A066-2A32D752A2FF}</UniqueIdentifier>
      <Extensions>cpp;cxx;c;def</Extensions>
    </Filter>
    <Filter Include="Header Files">
      <UniqueIdentifier>{93995380-89BD-4b04-88EB-625FBE52EBFB}</UniqueIdentifier>
      <Extensions>h</Extensions>
    </Filter>
    <Filter Include="Generated Files">
      <UniqueIdentifier>{71ED8ED8-ACB9-4CE9-BBE1-E00B30144E11}</UniqueIdentifier>
      <Extensions>moc;h;cpp</Extensions>
      <SourceControlFiles>False</SourceControlFiles>
    </Filter>
    <Filter Include="Generated Files\Debug">
      <UniqueIdentifier>{583989c3-438c-4c78-a253-4b6226a36a96}</UniqueIdentifier>
      <Extensions>cpp;moc</Extensions>
      <SourceControlFiles>False</SourceControlFiles>
    </Filter>
    <Filter Include="Generated Files\Release">
      <UniqueIdentifier>{2eccddea-be1f-44f6-81fa-10e1a62cb1a9}</UniqueIdentifier>
      <Extensions>cpp;moc</Extensions>
      <SourceControlFiles>False</SourceControlFiles>
    </Filter>
    <Filter Include="Tests">
      <UniqueIdentifier>{65973581-b56c-41cf-aa2e-08b54f23b23a}</UniqueIdentifier>
    </Filter>
    <Filter Include="Tests\Header Files">
      <UniqueIdentifier>{0143ca85-64a1-474e-af51-9679004d66da}</UniqueIdentifier>
    </Filter>
    <Filter Include="Tests\Source Files">
      <UniqueIdentifier>{bc0ca98b-031e-4a0b-bb74-e723a9bd7389}</UniqueIdentifier>
    </Filter>
    <Filter Include="Tree Nodes Files">
      <UniqueIdentifier>{4a979c42-0f09-4ea3-85a9-287452f89e43}</UniqueIdentifier>
    </Filter>
    <Filter Include="Tree Nodes Files\Source Files">
      <UniqueIdentifier>{59cdaea3-abf8-4f14-90b4-c54b90cce7ee}</UniqueIdentifier>
    </Filter>
    <Filter Include="Bison&amp;Flex Files">
      <UniqueIdentifier>{35b8666a-4843-429f-bffd-dfaec8ab9f82}</UniqueIdentifier>
    </Filter>
    <Filter Include="Bison&amp;Flex Files\Source Files">
      <UniqueIdentifier>{b32fe35f-a384-467f-895b-4b417f62a7b4}</UniqueIdentifier>
    </Filter>
  </ItemGroup>
  <ItemGroup>
    <ClCompile Include="main.cpp">
      <Filter>Source Files</Filter>
    </ClCompile>
    <ClCompile Include="GeneratedFiles\Debug\moc_test_yyparse.cpp">
      <Filter>Generated Files\Debug</Filter>
    </ClCompile>
    <ClCompile Include="GeneratedFiles\Release\moc_test_yyparse.cpp">
      <Filter>Generated Files\Release</Filter>
    </ClCompile>
    <ClCompile Include="GeneratedFiles\Debug\moc_test_component.cpp">
      <Filter>Generated Files\Debug</Filter>
    </ClCompile>
    <ClCompile Include="GeneratedFiles\Release\moc_test_component.cpp">
      <Filter>Generated Files\Release</Filter>
    </ClCompile>
    <ClCompile Include="GeneratedFiles\Debug\moc_test_yylex.cpp">
      <Filter>Generated Files\Debug</Filter>
    </ClCompile>
    <ClCompile Include="GeneratedFiles\Release\moc_test_yylex.cpp">
      <Filter>Generated Files\Release</Filter>
    </ClCompile>
    <ClCompile Include="test_component.cpp">
      <Filter>Tests\Source Files</Filter>
    </ClCompile>
    <ClCompile Include="test_yylex.cpp">
      <Filter>Tests\Source Files</Filter>
    </ClCompile>
    <ClCompile Include="test_yyparse.cpp">
      <Filter>Tests\Source Files</Filter>
    </ClCompile>
    <ClCompile Include="..\JavaComponentExtractor\class.cpp">
      <Filter>Tree Nodes Files\Source Files</Filter>
    </ClCompile>
    <ClCompile Include="..\JavaComponentExtractor\component.cpp">
      <Filter>Tree Nodes Files\Source Files</Filter>
    </ClCompile>
    <ClCompile Include="..\JavaComponentExtractor\enum.cpp">
      <Filter>Tree Nodes Files\Source Files</Filter>
    </ClCompile>
    <ClCompile Include="..\JavaComponentExtractor\field.cpp">
      <Filter>Tree Nodes Files\Source Files</Filter>
    </ClCompile>
    <ClCompile Include="..\JavaComponentExtractor\import.cpp">
      <Filter>Tree Nodes Files\Source Files</Filter>
    </ClCompile>
    <ClCompile Include="..\JavaComponentExtractor\interface.cpp">
      <Filter>Tree Nodes Files\Source Files</Filter>
    </ClCompile>
    <ClCompile Include="..\JavaComponentExtractor\method.cpp">
      <Filter>Tree Nodes Files\Source Files</Filter>
    </ClCompile>
    <ClCompile Include="..\JavaComponentExtractor\package.cpp">
      <Filter>Tree Nodes Files\Source Files</Filter>
    </ClCompile>
    <ClCompile Include="..\JavaComponentExtractor\lexer.cpp">
      <Filter>Bison&amp;Flex Files\Source Files</Filter>
    </ClCompile>
    <ClCompile Include="..\JavaComponentExtractor\parser.cpp">
      <Filter>Bison&amp;Flex Files\Source Files</Filter>
    </ClCompile>
    <ClCompile Include="..\JavaComponentExtractor\textlocation.cpp">
      <Filter>Source Files</Filter>
    </ClCompile>
    <ClCompile Include="GeneratedFiles\Debug\moc_test_stringfuncs.cpp">
      <Filter>Generated Files\Debug</Filter>
    </ClCompile>
    <ClCompile Include="GeneratedFiles\Release\moc_test_stringfuncs.cpp">
      <Filter>Generated Files\Release</Filter>
    </ClCompile>
    <ClCompile Include="test_stringfuncs.cpp">
      <Filter>Tests\Source Files</Filter>
    </ClCompile>
    <ClCompile Include="..\JavaComponentExtractor\stringfuncs.cpp">
      <Filter>Source Files</Filter>
    </ClCompile>
    <ClCompile Include="..\JavaComponentExtractor\treefuncs.cpp">
      <Filter>Source Files</Filter>
    </ClCompile>
    <ClCompile Include="GeneratedFiles\Debug\moc_test_treefuncs.cpp">
      <Filter>Generated Files\Debug</Filter>
    </ClCompile>
    <ClCompile Include="GeneratedFiles\Release\moc_test_treefuncs.cpp">
      <Filter>Generated Files\Release</Filter>
    </ClCompile>
    <ClCompile Include="test_treefuncs.cpp">
      <Filter>Tests\Source Files</Filter>
    </ClCompile>
    <ClCompile Include="..\JavaComponentExtractor\semanticerror.cpp">
      <Filter>Source Files</Filter>
    </ClCompile>
    <ClCompile Include="..\JavaComponentExtractor\semanticerrors.cpp">
      <Filter>Source Files</Filter>
    </ClCompile>
    <ClCompile Include="GeneratedFiles\Debug\moc_test_semanticerrors.cpp">
      <Filter>Generated Files\Debug</Filter>
    </ClCompile>
    <ClCompile Include="GeneratedFiles\Release\moc_test_semanticerrors.cpp">
      <Filter>Generated Files\Release</Filter>
    </ClCompile>
    <ClCompile Include="test_semanticerrors.cpp">
      <Filter>Tests\Source Files</Filter>
    </ClCompile>
  </ItemGroup>
  <ItemGroup>
    <CustomBuild Include="test_yyparse.h">
      <Filter>Tests\Header Files</Filter>
    </CustomBuild>
    <CustomBuild Include="test_component.h">
      <Filter>Tests\Header Files</Filter>
    </CustomBuild>
    <CustomBuild Include="test_yylex.h">
      <Filter>Tests\Header Files</Filter>
    </CustomBuild>
    <CustomBuild Include="test_stringfuncs.h">
      <Filter>Tests\Header Files</Filter>
    </CustomBuild>
    <CustomBuild Include="test_treefuncs.h">
      <Filter>Tests\Header Files</Filter>
    </CustomBuild>
    <CustomBuild Include="test_semanticerrors.h">
      <Filter>Tests\Header Files</Filter>
    </CustomBuild>
  </ItemGroup>
  <ItemGroup>
    <ClInclude Include="declarations.h">
      <Filter>Header Files</Filter>
    </ClInclude>
  </ItemGroup>
</Project>