<?xml version="1.0" encoding="utf-8"?>
<Project ToolsVersion="4.0" xmlns="http://schemas.microsoft.com/developer/msbuild/2003">
  <ItemGroup>
    <Filter Include="Source Files">
      <UniqueIdentifier>{4FC737F1-C7A5-4376-A066-2A32D752A2FF}</UniqueIdentifier>
      <Extensions>cpp;cxx;c;def</Extensions>
    </Filter>
    <Filter Include="Header Files">
      <UniqueIdentifier>{93995380-89BD-4b04-88EB-625FBE52EBFB}</UniqueIdentifier>
      <Extensions>h</Extensions>
    </Filter>
    <Filter Include="Generated Files">
      <UniqueIdentifier>{71ED8ED8-ACB9-4CE9-BBE1-E00B30144E11}</UniqueIdentifier>
      <Extensions>moc;h;cpp</Extensions>
      <SourceControlFiles>False</SourceControlFiles>
    </Filter>
    <Filter Include="Tree Nodes Files">
      <UniqueIdentifier>{a0378fcf-e897-4046-8d7f-b69d737fbd3e}</UniqueIdentifier>
    </Filter>
    <Filter Include="Tree Nodes Files\Header Files">
      <UniqueIdentifier>{fcf2db04-a5e1-4743-8872-c813a2358aba}</UniqueIdentifier>
    </Filter>
    <Filter Include="Tree Nodes Files\Source Files">
      <UniqueIdentifier>{363e3db7-f100-49b5-bfd6-2e60fb70ead7}</UniqueIdentifier>
    </Filter>
    <Filter Include="Bison&amp;Flex Files">
      <UniqueIdentifier>{3b3fbaf2-0f92-4a09-81c3-d70dc63f5707}</UniqueIdentifier>
    </Filter>
    <Filter Include="Bison&amp;Flex Files\Header Files">
      <UniqueIdentifier>{4963cb38-a739-43bf-b083-9f585963366c}</UniqueIdentifier>
    </Filter>
    <Filter Include="Bison&amp;Flex Files\Source Files">
      <UniqueIdentifier>{0345d4eb-61d3-42a3-9b27-87972ee61597}</UniqueIdentifier>
    </Filter>
  </ItemGroup>
  <ItemGroup>
    <ClCompile Include="main.cpp">
      <Filter>Source Files</Filter>
    </ClCompile>
    <ClCompile Include="textlocation.cpp">
      <Filter>Tree Nodes Files\Source Files</Filter>
    </ClCompile>
    <ClCompile Include="component.cpp">
      <Filter>Tree Nodes Files\Source Files</Filter>
    </ClCompile>
    <ClCompile Include="lexer.cpp">
      <Filter>Bison&amp;Flex Files\Source Files</Filter>
    </ClCompile>
    <ClCompile Include="parser.cpp">
      <Filter>Bison&amp;Flex Files\Source Files</Filter>
    </ClCompile>
  </ItemGroup>
  <ItemGroup>
    <ClInclude Include="textlocation.h">
      <Filter>Tree Nodes Files\Header Files</Filter>
    </ClInclude>
    <ClInclude Include="component.h">
      <Filter>Tree Nodes Files\Header Files</Filter>
    </ClInclude>
    <ClInclude Include="lexer.hpp">
      <Filter>Bison&amp;Flex Files\Header Files</Filter>
    </ClInclude>
    <ClInclude Include="parser.hpp">
      <Filter>Bison&amp;Flex Files\Header Files</Filter>
    </ClInclude>
    <ClInclude Include="unistd.h">
      <Filter>Bison&amp;Flex Files\Header Files</Filter>
    </ClInclude>
  </ItemGroup>
  <ItemGroup>
    <CustomBuild Include="lexer.l">
      <Filter>Bison&amp;Flex Files</Filter>
    </CustomBuild>
    <CustomBuild Include="parser.y">
      <Filter>Bison&amp;Flex Files</Filter>
    </CustomBuild>
  </ItemGroup>
</Project>